// !$*UTF8*$!
{
	archiveVersion = 1;
	classes = {
	};
	objectVersion = 55;
	objects = {

/* Begin PBXBuildFile section */
		DA13E52C279A0AA7007B4121 /* a_roApp.swift in Sources */ = {isa = PBXBuildFile; fileRef = DA13E52B279A0AA7007B4121 /* a_roApp.swift */; };
		DA13E52E279A0AA7007B4121 /* ContentView.swift in Sources */ = {isa = PBXBuildFile; fileRef = DA13E52D279A0AA7007B4121 /* ContentView.swift */; };
		DA13E530279A0AA8007B4121 /* Assets.xcassets in Resources */ = {isa = PBXBuildFile; fileRef = DA13E52F279A0AA8007B4121 /* Assets.xcassets */; };
		DA13E533279A0AA8007B4121 /* Preview Assets.xcassets in Resources */ = {isa = PBXBuildFile; fileRef = DA13E532279A0AA8007B4121 /* Preview Assets.xcassets */; };
		DA13E53E279A0AA8007B4121 /* a_roTests.swift in Sources */ = {isa = PBXBuildFile; fileRef = DA13E53D279A0AA8007B4121 /* a_roTests.swift */; };
		DA13E548279A0AA8007B4121 /* a_roUITests.swift in Sources */ = {isa = PBXBuildFile; fileRef = DA13E547279A0AA8007B4121 /* a_roUITests.swift */; };
		DA13E54A279A0AA8007B4121 /* a_roUITestsLaunchTests.swift in Sources */ = {isa = PBXBuildFile; fileRef = DA13E549279A0AA8007B4121 /* a_roUITestsLaunchTests.swift */; };
		DA13E557279A0AB6007B4121 /* webView.swift in Sources */ = {isa = PBXBuildFile; fileRef = DA13E556279A0AB6007B4121 /* webView.swift */; };
/* End PBXBuildFile section */

/* Begin PBXContainerItemProxy section */
		DA13E53A279A0AA8007B4121 /* PBXContainerItemProxy */ = {
			isa = PBXContainerItemProxy;
			containerPortal = DA13E520279A0AA7007B4121 /* Project object */;
			proxyType = 1;
			remoteGlobalIDString = DA13E527279A0AA7007B4121;
			remoteInfo = "āro";
		};
		DA13E544279A0AA8007B4121 /* PBXContainerItemProxy */ = {
			isa = PBXContainerItemProxy;
			containerPortal = DA13E520279A0AA7007B4121 /* Project object */;
			proxyType = 1;
			remoteGlobalIDString = DA13E527279A0AA7007B4121;
			remoteInfo = "āro";
		};
/* End PBXContainerItemProxy section */

/* Begin PBXFileReference section */
		DA13E528279A0AA7007B4121 /* āro.app */ = {isa = PBXFileReference; explicitFileType = wrapper.application; includeInIndex = 0; path = "āro.app"; sourceTree = BUILT_PRODUCTS_DIR; };
		DA13E52B279A0AA7007B4121 /* a_roApp.swift */ = {isa = PBXFileReference; lastKnownFileType = sourcecode.swift; path = a_roApp.swift; sourceTree = "<group>"; };
		DA13E52D279A0AA7007B4121 /* ContentView.swift */ = {isa = PBXFileReference; lastKnownFileType = sourcecode.swift; path = ContentView.swift; sourceTree = "<group>"; };
		DA13E52F279A0AA8007B4121 /* Assets.xcassets */ = {isa = PBXFileReference; lastKnownFileType = folder.assetcatalog; path = Assets.xcassets; sourceTree = "<group>"; };
		DA13E532279A0AA8007B4121 /* Preview Assets.xcassets */ = {isa = PBXFileReference; lastKnownFileType = folder.assetcatalog; path = "Preview Assets.xcassets"; sourceTree = "<group>"; };
		DA13E534279A0AA8007B4121 /* a_ro.entitlements */ = {isa = PBXFileReference; lastKnownFileType = text.plist.entitlements; path = a_ro.entitlements; sourceTree = "<group>"; };
		DA13E539279A0AA8007B4121 /* āroTests.xctest */ = {isa = PBXFileReference; explicitFileType = wrapper.cfbundle; includeInIndex = 0; path = "āroTests.xctest"; sourceTree = BUILT_PRODUCTS_DIR; };
		DA13E53D279A0AA8007B4121 /* a_roTests.swift */ = {isa = PBXFileReference; lastKnownFileType = sourcecode.swift; path = a_roTests.swift; sourceTree = "<group>"; };
		DA13E543279A0AA8007B4121 /* āroUITests.xctest */ = {isa = PBXFileReference; explicitFileType = wrapper.cfbundle; includeInIndex = 0; path = "āroUITests.xctest"; sourceTree = BUILT_PRODUCTS_DIR; };
		DA13E547279A0AA8007B4121 /* a_roUITests.swift */ = {isa = PBXFileReference; lastKnownFileType = sourcecode.swift; path = a_roUITests.swift; sourceTree = "<group>"; };
		DA13E549279A0AA8007B4121 /* a_roUITestsLaunchTests.swift */ = {isa = PBXFileReference; lastKnownFileType = sourcecode.swift; path = a_roUITestsLaunchTests.swift; sourceTree = "<group>"; };
		DA13E556279A0AB6007B4121 /* webView.swift */ = {isa = PBXFileReference; lastKnownFileType = sourcecode.swift; path = webView.swift; sourceTree = "<group>"; };
/* End PBXFileReference section */

/* Begin PBXFrameworksBuildPhase section */
		DA13E525279A0AA7007B4121 /* Frameworks */ = {
			isa = PBXFrameworksBuildPhase;
			buildActionMask = 2147483647;
			files = (
			);
			runOnlyForDeploymentPostprocessing = 0;
		};
		DA13E536279A0AA8007B4121 /* Frameworks */ = {
			isa = PBXFrameworksBuildPhase;
			buildActionMask = 2147483647;
			files = (
			);
			runOnlyForDeploymentPostprocessing = 0;
		};
		DA13E540279A0AA8007B4121 /* Frameworks */ = {
			isa = PBXFrameworksBuildPhase;
			buildActionMask = 2147483647;
			files = (
			);
			runOnlyForDeploymentPostprocessing = 0;
		};
/* End PBXFrameworksBuildPhase section */

/* Begin PBXGroup section */
		DA13E51F279A0AA7007B4121 = {
			isa = PBXGroup;
			children = (
				DA13E52A279A0AA7007B4121 /* āro */,
				DA13E53C279A0AA8007B4121 /* āroTests */,
				DA13E546279A0AA8007B4121 /* āroUITests */,
				DA13E529279A0AA7007B4121 /* Products */,
			);
			sourceTree = "<group>";
		};
		DA13E529279A0AA7007B4121 /* Products */ = {
			isa = PBXGroup;
			children = (
				DA13E528279A0AA7007B4121 /* āro.app */,
				DA13E539279A0AA8007B4121 /* āroTests.xctest */,
				DA13E543279A0AA8007B4121 /* āroUITests.xctest */,
			);
			name = Products;
			sourceTree = "<group>";
		};
		DA13E52A279A0AA7007B4121 /* āro */ = {
			isa = PBXGroup;
			children = (
				DA13E52B279A0AA7007B4121 /* a_roApp.swift */,
				DA13E52D279A0AA7007B4121 /* ContentView.swift */,
				DA13E556279A0AB6007B4121 /* webView.swift */,
				DA13E52F279A0AA8007B4121 /* Assets.xcassets */,
				DA13E534279A0AA8007B4121 /* a_ro.entitlements */,
				DA13E531279A0AA8007B4121 /* Preview Content */,
			);
			path = "āro";
			sourceTree = "<group>";
		};
		DA13E531279A0AA8007B4121 /* Preview Content */ = {
			isa = PBXGroup;
			children = (
				DA13E532279A0AA8007B4121 /* Preview Assets.xcassets */,
			);
			path = "Preview Content";
			sourceTree = "<group>";
		};
		DA13E53C279A0AA8007B4121 /* āroTests */ = {
			isa = PBXGroup;
			children = (
				DA13E53D279A0AA8007B4121 /* a_roTests.swift */,
			);
			path = "āroTests";
			sourceTree = "<group>";
		};
		DA13E546279A0AA8007B4121 /* āroUITests */ = {
			isa = PBXGroup;
			children = (
				DA13E547279A0AA8007B4121 /* a_roUITests.swift */,
				DA13E549279A0AA8007B4121 /* a_roUITestsLaunchTests.swift */,
			);
			path = "āroUITests";
			sourceTree = "<group>";
		};
/* End PBXGroup section */

/* Begin PBXNativeTarget section */
		DA13E527279A0AA7007B4121 /* āro */ = {
			isa = PBXNativeTarget;
			buildConfigurationList = DA13E54D279A0AA8007B4121 /* Build configuration list for PBXNativeTarget "āro" */;
			buildPhases = (
				DA13E524279A0AA7007B4121 /* Sources */,
				DA13E525279A0AA7007B4121 /* Frameworks */,
				DA13E526279A0AA7007B4121 /* Resources */,
			);
			buildRules = (
			);
			dependencies = (
			);
			name = "āro";
			productName = "āro";
			productReference = DA13E528279A0AA7007B4121 /* āro.app */;
			productType = "com.apple.product-type.application";
		};
		DA13E538279A0AA8007B4121 /* āroTests */ = {
			isa = PBXNativeTarget;
			buildConfigurationList = DA13E550279A0AA8007B4121 /* Build configuration list for PBXNativeTarget "āroTests" */;
			buildPhases = (
				DA13E535279A0AA8007B4121 /* Sources */,
				DA13E536279A0AA8007B4121 /* Frameworks */,
				DA13E537279A0AA8007B4121 /* Resources */,
			);
			buildRules = (
			);
			dependencies = (
				DA13E53B279A0AA8007B4121 /* PBXTargetDependency */,
			);
			name = "āroTests";
			productName = "āroTests";
			productReference = DA13E539279A0AA8007B4121 /* āroTests.xctest */;
			productType = "com.apple.product-type.bundle.unit-test";
		};
		DA13E542279A0AA8007B4121 /* āroUITests */ = {
			isa = PBXNativeTarget;
			buildConfigurationList = DA13E553279A0AA8007B4121 /* Build configuration list for PBXNativeTarget "āroUITests" */;
			buildPhases = (
				DA13E53F279A0AA8007B4121 /* Sources */,
				DA13E540279A0AA8007B4121 /* Frameworks */,
				DA13E541279A0AA8007B4121 /* Resources */,
			);
			buildRules = (
			);
			dependencies = (
				DA13E545279A0AA8007B4121 /* PBXTargetDependency */,
			);
			name = "āroUITests";
			productName = "āroUITests";
			productReference = DA13E543279A0AA8007B4121 /* āroUITests.xctest */;
			productType = "com.apple.product-type.bundle.ui-testing";
		};
/* End PBXNativeTarget section */

/* Begin PBXProject section */
		DA13E520279A0AA7007B4121 /* Project object */ = {
			isa = PBXProject;
			attributes = {
				BuildIndependentTargetsInParallel = 1;
				LastSwiftUpdateCheck = 1320;
				LastUpgradeCheck = 1320;
				TargetAttributes = {
					DA13E527279A0AA7007B4121 = {
						CreatedOnToolsVersion = 13.2.1;
					};
					DA13E538279A0AA8007B4121 = {
						CreatedOnToolsVersion = 13.2.1;
						TestTargetID = DA13E527279A0AA7007B4121;
					};
					DA13E542279A0AA8007B4121 = {
						CreatedOnToolsVersion = 13.2.1;
						TestTargetID = DA13E527279A0AA7007B4121;
					};
				};
			};
			buildConfigurationList = DA13E523279A0AA7007B4121 /* Build configuration list for PBXProject "āro" */;
			compatibilityVersion = "Xcode 13.0";
			developmentRegion = en;
			hasScannedForEncodings = 0;
			knownRegions = (
				en,
				Base,
			);
			mainGroup = DA13E51F279A0AA7007B4121;
			productRefGroup = DA13E529279A0AA7007B4121 /* Products */;
			projectDirPath = "";
			projectRoot = "";
			targets = (
				DA13E527279A0AA7007B4121 /* āro */,
				DA13E538279A0AA8007B4121 /* āroTests */,
				DA13E542279A0AA8007B4121 /* āroUITests */,
			);
		};
/* End PBXProject section */

/* Begin PBXResourcesBuildPhase section */
		DA13E526279A0AA7007B4121 /* Resources */ = {
			isa = PBXResourcesBuildPhase;
			buildActionMask = 2147483647;
			files = (
				DA13E533279A0AA8007B4121 /* Preview Assets.xcassets in Resources */,
				DA13E530279A0AA8007B4121 /* Assets.xcassets in Resources */,
			);
			runOnlyForDeploymentPostprocessing = 0;
		};
		DA13E537279A0AA8007B4121 /* Resources */ = {
			isa = PBXResourcesBuildPhase;
			buildActionMask = 2147483647;
			files = (
			);
			runOnlyForDeploymentPostprocessing = 0;
		};
		DA13E541279A0AA8007B4121 /* Resources */ = {
			isa = PBXResourcesBuildPhase;
			buildActionMask = 2147483647;
			files = (
			);
			runOnlyForDeploymentPostprocessing = 0;
		};
/* End PBXResourcesBuildPhase section */

/* Begin PBXSourcesBuildPhase section */
		DA13E524279A0AA7007B4121 /* Sources */ = {
			isa = PBXSourcesBuildPhase;
			buildActionMask = 2147483647;
			files = (
				DA13E52E279A0AA7007B4121 /* ContentView.swift in Sources */,
				DA13E557279A0AB6007B4121 /* webView.swift in Sources */,
				DA13E52C279A0AA7007B4121 /* a_roApp.swift in Sources */,
			);
			runOnlyForDeploymentPostprocessing = 0;
		};
		DA13E535279A0AA8007B4121 /* Sources */ = {
			isa = PBXSourcesBuildPhase;
			buildActionMask = 2147483647;
			files = (
				DA13E53E279A0AA8007B4121 /* a_roTests.swift in Sources */,
			);
			runOnlyForDeploymentPostprocessing = 0;
		};
		DA13E53F279A0AA8007B4121 /* Sources */ = {
			isa = PBXSourcesBuildPhase;
			buildActionMask = 2147483647;
			files = (
				DA13E548279A0AA8007B4121 /* a_roUITests.swift in Sources */,
				DA13E54A279A0AA8007B4121 /* a_roUITestsLaunchTests.swift in Sources */,
			);
			runOnlyForDeploymentPostprocessing = 0;
		};
/* End PBXSourcesBuildPhase section */

/* Begin PBXTargetDependency section */
		DA13E53B279A0AA8007B4121 /* PBXTargetDependency */ = {
			isa = PBXTargetDependency;
			target = DA13E527279A0AA7007B4121 /* āro */;
			targetProxy = DA13E53A279A0AA8007B4121 /* PBXContainerItemProxy */;
		};
		DA13E545279A0AA8007B4121 /* PBXTargetDependency */ = {
			isa = PBXTargetDependency;
			target = DA13E527279A0AA7007B4121 /* āro */;
			targetProxy = DA13E544279A0AA8007B4121 /* PBXContainerItemProxy */;
		};
/* End PBXTargetDependency section */

/* Begin XCBuildConfiguration section */
		DA13E54B279A0AA8007B4121 /* Debug */ = {
			isa = XCBuildConfiguration;
			buildSettings = {
				ALWAYS_SEARCH_USER_PATHS = NO;
				CLANG_ANALYZER_NONNULL = YES;
				CLANG_ANALYZER_NUMBER_OBJECT_CONVERSION = YES_AGGRESSIVE;
				CLANG_CXX_LANGUAGE_STANDARD = "gnu++17";
				CLANG_CXX_LIBRARY = "libc++";
				CLANG_ENABLE_MODULES = YES;
				CLANG_ENABLE_OBJC_ARC = YES;
				CLANG_ENABLE_OBJC_WEAK = YES;
				CLANG_WARN_BLOCK_CAPTURE_AUTORELEASING = YES;
				CLANG_WARN_BOOL_CONVERSION = YES;
				CLANG_WARN_COMMA = YES;
				CLANG_WARN_CONSTANT_CONVERSION = YES;
				CLANG_WARN_DEPRECATED_OBJC_IMPLEMENTATIONS = YES;
				CLANG_WARN_DIRECT_OBJC_ISA_USAGE = YES_ERROR;
				CLANG_WARN_DOCUMENTATION_COMMENTS = YES;
				CLANG_WARN_EMPTY_BODY = YES;
				CLANG_WARN_ENUM_CONVERSION = YES;
				CLANG_WARN_INFINITE_RECURSION = YES;
				CLANG_WARN_INT_CONVERSION = YES;
				CLANG_WARN_NON_LITERAL_NULL_CONVERSION = YES;
				CLANG_WARN_OBJC_IMPLICIT_RETAIN_SELF = YES;
				CLANG_WARN_OBJC_LITERAL_CONVERSION = YES;
				CLANG_WARN_OBJC_ROOT_CLASS = YES_ERROR;
				CLANG_WARN_QUOTED_INCLUDE_IN_FRAMEWORK_HEADER = YES;
				CLANG_WARN_RANGE_LOOP_ANALYSIS = YES;
				CLANG_WARN_STRICT_PROTOTYPES = YES;
				CLANG_WARN_SUSPICIOUS_MOVE = YES;
				CLANG_WARN_UNGUARDED_AVAILABILITY = YES_AGGRESSIVE;
				CLANG_WARN_UNREACHABLE_CODE = YES;
				CLANG_WARN__DUPLICATE_METHOD_MATCH = YES;
				COPY_PHASE_STRIP = NO;
				DEBUG_INFORMATION_FORMAT = dwarf;
				ENABLE_STRICT_OBJC_MSGSEND = YES;
				ENABLE_TESTABILITY = YES;
				GCC_C_LANGUAGE_STANDARD = gnu11;
				GCC_DYNAMIC_NO_PIC = NO;
				GCC_NO_COMMON_BLOCKS = YES;
				GCC_OPTIMIZATION_LEVEL = 0;
				GCC_PREPROCESSOR_DEFINITIONS = (
					"DEBUG=1",
					"$(inherited)",
				);
				GCC_WARN_64_TO_32_BIT_CONVERSION = YES;
				GCC_WARN_ABOUT_RETURN_TYPE = YES_ERROR;
				GCC_WARN_UNDECLARED_SELECTOR = YES;
				GCC_WARN_UNINITIALIZED_AUTOS = YES_AGGRESSIVE;
				GCC_WARN_UNUSED_FUNCTION = YES;
				GCC_WARN_UNUSED_VARIABLE = YES;
				MACOSX_DEPLOYMENT_TARGET = 12.1;
				MTL_ENABLE_DEBUG_INFO = INCLUDE_SOURCE;
				MTL_FAST_MATH = YES;
				ONLY_ACTIVE_ARCH = YES;
				SDKROOT = macosx;
				SWIFT_ACTIVE_COMPILATION_CONDITIONS = DEBUG;
				SWIFT_OPTIMIZATION_LEVEL = "-Onone";
			};
			name = Debug;
		};
		DA13E54C279A0AA8007B4121 /* Release */ = {
			isa = XCBuildConfiguration;
			buildSettings = {
				ALWAYS_SEARCH_USER_PATHS = NO;
				CLANG_ANALYZER_NONNULL = YES;
				CLANG_ANALYZER_NUMBER_OBJECT_CONVERSION = YES_AGGRESSIVE;
				CLANG_CXX_LANGUAGE_STANDARD = "gnu++17";
				CLANG_CXX_LIBRARY = "libc++";
				CLANG_ENABLE_MODULES = YES;
				CLANG_ENABLE_OBJC_ARC = YES;
				CLANG_ENABLE_OBJC_WEAK = YES;
				CLANG_WARN_BLOCK_CAPTURE_AUTORELEASING = YES;
				CLANG_WARN_BOOL_CONVERSION = YES;
				CLANG_WARN_COMMA = YES;
				CLANG_WARN_CONSTANT_CONVERSION = YES;
				CLANG_WARN_DEPRECATED_OBJC_IMPLEMENTATIONS = YES;
				CLANG_WARN_DIRECT_OBJC_ISA_USAGE = YES_ERROR;
				CLANG_WARN_DOCUMENTATION_COMMENTS = YES;
				CLANG_WARN_EMPTY_BODY = YES;
				CLANG_WARN_ENUM_CONVERSION = YES;
				CLANG_WARN_INFINITE_RECURSION = YES;
				CLANG_WARN_INT_CONVERSION = YES;
				CLANG_WARN_NON_LITERAL_NULL_CONVERSION = YES;
				CLANG_WARN_OBJC_IMPLICIT_RETAIN_SELF = YES;
				CLANG_WARN_OBJC_LITERAL_CONVERSION = YES;
				CLANG_WARN_OBJC_ROOT_CLASS = YES_ERROR;
				CLANG_WARN_QUOTED_INCLUDE_IN_FRAMEWORK_HEADER = YES;
				CLANG_WARN_RANGE_LOOP_ANALYSIS = YES;
				CLANG_WARN_STRICT_PROTOTYPES = YES;
				CLANG_WARN_SUSPICIOUS_MOVE = YES;
				CLANG_WARN_UNGUARDED_AVAILABILITY = YES_AGGRESSIVE;
				CLANG_WARN_UNREACHABLE_CODE = YES;
				CLANG_WARN__DUPLICATE_METHOD_MATCH = YES;
				COPY_PHASE_STRIP = NO;
				DEBUG_INFORMATION_FORMAT = "dwarf-with-dsym";
				ENABLE_NS_ASSERTIONS = NO;
				ENABLE_STRICT_OBJC_MSGSEND = YES;
				GCC_C_LANGUAGE_STANDARD = gnu11;
				GCC_NO_COMMON_BLOCKS = YES;
				GCC_WARN_64_TO_32_BIT_CONVERSION = YES;
				GCC_WARN_ABOUT_RETURN_TYPE = YES_ERROR;
				GCC_WARN_UNDECLARED_SELECTOR = YES;
				GCC_WARN_UNINITIALIZED_AUTOS = YES_AGGRESSIVE;
				GCC_WARN_UNUSED_FUNCTION = YES;
				GCC_WARN_UNUSED_VARIABLE = YES;
				MACOSX_DEPLOYMENT_TARGET = 12.1;
				MTL_ENABLE_DEBUG_INFO = NO;
				MTL_FAST_MATH = YES;
				SDKROOT = macosx;
				SWIFT_COMPILATION_MODE = wholemodule;
				SWIFT_OPTIMIZATION_LEVEL = "-O";
			};
			name = Release;
		};
		DA13E54E279A0AA8007B4121 /* Debug */ = {
			isa = XCBuildConfiguration;
			buildSettings = {
				ASSETCATALOG_COMPILER_APPICON_NAME = AppIcon;
				ASSETCATALOG_COMPILER_GLOBAL_ACCENT_COLOR_NAME = AccentColor;
				CODE_SIGN_ENTITLEMENTS = "āro/a_ro.entitlements";
				CODE_SIGN_STYLE = Automatic;
				COMBINE_HIDPI_IMAGES = YES;
				CURRENT_PROJECT_VERSION = 1;
				DEVELOPMENT_ASSET_PATHS = "\"āro/Preview Content\"";
				DEVELOPMENT_TEAM = TUYQT9CTT3;
				ENABLE_HARDENED_RUNTIME = YES;
				ENABLE_PREVIEWS = YES;
				GENERATE_INFOPLIST_FILE = YES;
				INFOPLIST_KEY_NSHumanReadableCopyright = "";
				LD_RUNPATH_SEARCH_PATHS = (
					"$(inherited)",
					"@executable_path/../Frameworks",
				);
				MARKETING_VERSION = 1.0;
				PRODUCT_BUNDLE_IDENTIFIER = "com.ConsoleStudios.a-ro";
				PRODUCT_NAME = "$(TARGET_NAME)";
				SWIFT_EMIT_LOC_STRINGS = YES;
				SWIFT_VERSION = 5.0;
			};
			name = Debug;
		};
		DA13E54F279A0AA8007B4121 /* Release */ = {
			isa = XCBuildConfiguration;
			buildSettings = {
				ASSETCATALOG_COMPILER_APPICON_NAME = AppIcon;
				ASSETCATALOG_COMPILER_GLOBAL_ACCENT_COLOR_NAME = AccentColor;
				CODE_SIGN_ENTITLEMENTS = "āro/a_ro.entitlements";
				CODE_SIGN_STYLE = Automatic;
				COMBINE_HIDPI_IMAGES = YES;
				CURRENT_PROJECT_VERSION = 1;
				DEVELOPMENT_ASSET_PATHS = "\"āro/Preview Content\"";
				DEVELOPMENT_TEAM = TUYQT9CTT3;
				ENABLE_HARDENED_RUNTIME = YES;
				ENABLE_PREVIEWS = YES;
				GENERATE_INFOPLIST_FILE = YES;
				INFOPLIST_KEY_NSHumanReadableCopyright = "";
				LD_RUNPATH_SEARCH_PATHS = (
					"$(inherited)",
					"@executable_path/../Frameworks",
				);
				MARKETING_VERSION = 1.0;
				PRODUCT_BUNDLE_IDENTIFIER = "com.ConsoleStudios.a-ro";
				PRODUCT_NAME = "$(TARGET_NAME)";
				SWIFT_EMIT_LOC_STRINGS = YES;
				SWIFT_VERSION = 5.0;
			};
			name = Release;
		};
		DA13E551279A0AA8007B4121 /* Debug */ = {
			isa = XCBuildConfiguration;
			buildSettings = {
				ALWAYS_EMBED_SWIFT_STANDARD_LIBRARIES = YES;
				BUNDLE_LOADER = "$(TEST_HOST)";
				CODE_SIGN_STYLE = Automatic;
				CURRENT_PROJECT_VERSION = 1;
				DEVELOPMENT_TEAM = TUYQT9CTT3;
				GENERATE_INFOPLIST_FILE = YES;
				MACOSX_DEPLOYMENT_TARGET = 12.1;
				MARKETING_VERSION = 1.0;
				PRODUCT_BUNDLE_IDENTIFIER = "com.ConsoleStudios.a-roTests";
				PRODUCT_NAME = "$(TARGET_NAME)";
				SWIFT_EMIT_LOC_STRINGS = NO;
				SWIFT_VERSION = 5.0;
				TEST_HOST = "$(BUILT_PRODUCTS_DIR)/āro.app/Contents/MacOS/āro";
			};
			name = Debug;
		};
		DA13E552279A0AA8007B4121 /* Release */ = {
			isa = XCBuildConfiguration;
			buildSettings = {
				ALWAYS_EMBED_SWIFT_STANDARD_LIBRARIES = YES;
				BUNDLE_LOADER = "$(TEST_HOST)";
				CODE_SIGN_STYLE = Automatic;
				CURRENT_PROJECT_VERSION = 1;
				DEVELOPMENT_TEAM = TUYQT9CTT3;
				GENERATE_INFOPLIST_FILE = YES;
				MACOSX_DEPLOYMENT_TARGET = 12.1;
				MARKETING_VERSION = 1.0;
				PRODUCT_BUNDLE_IDENTIFIER = "com.ConsoleStudios.a-roTests";
				PRODUCT_NAME = "$(TARGET_NAME)";
				SWIFT_EMIT_LOC_STRINGS = NO;
				SWIFT_VERSION = 5.0;
				TEST_HOST = "$(BUILT_PRODUCTS_DIR)/āro.app/Contents/MacOS/āro";
			};
			name = Release;
		};
		DA13E554279A0AA8007B4121 /* Debug */ = {
			isa = XCBuildConfiguration;
			buildSettings = {
				ALWAYS_EMBED_SWIFT_STANDARD_LIBRARIES = YES;
				CODE_SIGN_STYLE = Automatic;
				CURRENT_PROJECT_VERSION = 1;
				DEVELOPMENT_TEAM = TUYQT9CTT3;
				GENERATE_INFOPLIST_FILE = YES;
				MARKETING_VERSION = 1.0;
				PRODUCT_BUNDLE_IDENTIFIER = "com.ConsoleStudios.a-roUITests";
				PRODUCT_NAME = "$(TARGET_NAME)";
				SWIFT_EMIT_LOC_STRINGS = NO;
				SWIFT_VERSION = 5.0;
				TEST_TARGET_NAME = "āro";
			};
			name = Debug;
		};
		DA13E555279A0AA8007B4121 /* Release */ = {
			isa = XCBuildConfiguration;
			buildSettings = {
				ALWAYS_EMBED_SWIFT_STANDARD_LIBRARIES = YES;
				CODE_SIGN_STYLE = Automatic;
				CURRENT_PROJECT_VERSION = 1;
				DEVELOPMENT_TEAM = TUYQT9CTT3;
				GENERATE_INFOPLIST_FILE = YES;
				MARKETING_VERSION = 1.0;
				PRODUCT_BUNDLE_IDENTIFIER = "com.ConsoleStudios.a-roUITests";
				PRODUCT_NAME = "$(TARGET_NAME)";
				SWIFT_EMIT_LOC_STRINGS = NO;
				SWIFT_VERSION = 5.0;
				TEST_TARGET_NAME = "āro";
			};
			name = Release;
		};
/* End XCBuildConfiguration section */

/* Begin XCConfigurationList section */
		DA13E523279A0AA7007B4121 /* Build configuration list for PBXProject "āro" */ = {
			isa = XCConfigurationList;
			buildConfigurations = (
				DA13E54B279A0AA8007B4121 /* Debug */,
				DA13E54C279A0AA8007B4121 /* Release */,
			);
			defaultConfigurationIsVisible = 0;
			defaultConfigurationName = Release;
		};
		DA13E54D279A0AA8007B4121 /* Build configuration list for PBXNativeTarget "āro" */ = {
			isa = XCConfigurationList;
			buildConfigurations = (
				DA13E54E279A0AA8007B4121 /* Debug */,
				DA13E54F279A0AA8007B4121 /* Release */,
			);
			defaultConfigurationIsVisible = 0;
			defaultConfigurationName = Release;
		};
		DA13E550279A0AA8007B4121 /* Build configuration list for PBXNativeTarget "āroTests" */ = {
			isa = XCConfigurationList;
			buildConfigurations = (
				DA13E551279A0AA8007B4121 /* Debug */,
				DA13E552279A0AA8007B4121 /* Release */,
			);
			defaultConfigurationIsVisible = 0;
			defaultConfigurationName = Release;
		};
		DA13E553279A0AA8007B4121 /* Build configuration list for PBXNativeTarget "āroUITests" */ = {
			isa = XCConfigurationList;
			buildConfigurations = (
				DA13E554279A0AA8007B4121 /* Debug */,
				DA13E555279A0AA8007B4121 /* Release */,
			);
			defaultConfigurationIsVisible = 0;
			defaultConfigurationName = Release;
		};
/* End XCConfigurationList section */
	};
	rootObject = DA13E520279A0AA7007B4121 /* Project object */;
}
